
Microsoft Visual Studio Solution File, Format Version 12.00
# Visual Studio Version 17
VisualStudioVersion = 17.11.35312.102
MinimumVisualStudioVersion = 10.0.40219.1
Project("{FAE04EC0-301F-11D3-BF4B-00C04F79EFBC}") = "Question1(GenericStack)", "Assignment2\Question1(GenericStack).csproj", "{C5B3D98A-6C87-4BD9-BAE6-934B3F0EC906}"
EndProject
Project("{FAE04EC0-301F-11D3-BF4B-00C04F79EFBC}") = "Question2(LinkedList)", "Question2\Question2(LinkedList).csproj", "{45B38006-59A4-45FA-B2EF-F0FDC0600EF4}"
EndProject
Project("{FAE04EC0-301F-11D3-BF4B-00C04F79EFBC}") = "Question3(MergedSortLinkedList)", "Question3(MergedSortLinkedList)\Question3(MergedSortLinkedList).csproj", "{64FB2714-AE76-4F22-B7B0-B3C3EE7620A9}"
EndProject
Project("{FAE04EC0-301F-11D3-BF4B-00C04F79EFBC}") = "Question4(FindTheMIddleElement)", "Question4(FindTheMIddleElement)\Question4(FindTheMIddleElement).csproj", "{17E629EE-CC94-49DA-8B21-30EB84056E81}"
EndProject
Project("{FAE04EC0-301F-11D3-BF4B-00C04F79EFBC}") = "Question5(GenericQueue)", "Question5(GenericQueue)\Question5(GenericQueue).csproj", "{169ADE47-207F-4BD0-A2CD-5886A612724F}"
EndProject
Project("{FAE04EC0-301F-11D3-BF4B-00C04F79EFBC}") = "Q6(DivideExcepn)", "Q6(DivideExcepn)\Q6(DivideExcepn).csproj", "{885EFC93-A78A-4129-B91C-7D5B53BDBE89}"
EndProject
Project("{FAE04EC0-301F-11D3-BF4B-00C04F79EFBC}") = "Q7(NullRefExcep)", "Q7(NullRefExcep)\Q7(NullRefExcep).csproj", "{27C2C74E-1252-4FF2-A03F-F837C9BDCCF1}"
EndProject
Project("{FAE04EC0-301F-11D3-BF4B-00C04F79EFBC}") = "Q8(IndexExcep)", "Q8(IndexExcep)\Q8(IndexExcep).csproj", "{7080319E-F52B-4A10-B7CE-0F15213F34F0}"
EndProject
Project("{FAE04EC0-301F-11D3-BF4B-00C04F79EFBC}") = "Q9(OverFlowExcep)", "Q9(OverFlowExcep)\Q9(OverFlowExcep).csproj", "{0BAA9A36-D8FB-41D9-8655-369C65A25FC8}"
EndProject
Project("{FAE04EC0-301F-11D3-BF4B-00C04F79EFBC}") = "Q10(Tuple)", "Q10(Tuple)\Q10(Tuple).csproj", "{83CC3FCC-3C66-4444-91C3-E12FE50EBB33}"
EndProject
Global
	GlobalSection(SolutionConfigurationPlatforms) = preSolution
		Debug|Any CPU = Debug|Any CPU
		Release|Any CPU = Release|Any CPU
	EndGlobalSection
	GlobalSection(ProjectConfigurationPlatforms) = postSolution
		{C5B3D98A-6C87-4BD9-BAE6-934B3F0EC906}.Debug|Any CPU.ActiveCfg = Debug|Any CPU
		{C5B3D98A-6C87-4BD9-BAE6-934B3F0EC906}.Debug|Any CPU.Build.0 = Debug|Any CPU
		{C5B3D98A-6C87-4BD9-BAE6-934B3F0EC906}.Release|Any CPU.ActiveCfg = Release|Any CPU
		{C5B3D98A-6C87-4BD9-BAE6-934B3F0EC906}.Release|Any CPU.Build.0 = Release|Any CPU
		{45B38006-59A4-45FA-B2EF-F0FDC0600EF4}.Debug|Any CPU.ActiveCfg = Debug|Any CPU
		{45B38006-59A4-45FA-B2EF-F0FDC0600EF4}.Debug|Any CPU.Build.0 = Debug|Any CPU
		{45B38006-59A4-45FA-B2EF-F0FDC0600EF4}.Release|Any CPU.ActiveCfg = Release|Any CPU
		{45B38006-59A4-45FA-B2EF-F0FDC0600EF4}.Release|Any CPU.Build.0 = Release|Any CPU
		{64FB2714-AE76-4F22-B7B0-B3C3EE7620A9}.Debug|Any CPU.ActiveCfg = Debug|Any CPU
		{64FB2714-AE76-4F22-B7B0-B3C3EE7620A9}.Debug|Any CPU.Build.0 = Debug|Any CPU
		{64FB2714-AE76-4F22-B7B0-B3C3EE7620A9}.Release|Any CPU.ActiveCfg = Release|Any CPU
		{64FB2714-AE76-4F22-B7B0-B3C3EE7620A9}.Release|Any CPU.Build.0 = Release|Any CPU
		{17E629EE-CC94-49DA-8B21-30EB84056E81}.Debug|Any CPU.ActiveCfg = Debug|Any CPU
		{17E629EE-CC94-49DA-8B21-30EB84056E81}.Debug|Any CPU.Build.0 = Debug|Any CPU
		{17E629EE-CC94-49DA-8B21-30EB84056E81}.Release|Any CPU.ActiveCfg = Release|Any CPU
		{17E629EE-CC94-49DA-8B21-30EB84056E81}.Release|Any CPU.Build.0 = Release|Any CPU
		{169ADE47-207F-4BD0-A2CD-5886A612724F}.Debug|Any CPU.ActiveCfg = Debug|Any CPU
		{169ADE47-207F-4BD0-A2CD-5886A612724F}.Debug|Any CPU.Build.0 = Debug|Any CPU
		{169ADE47-207F-4BD0-A2CD-5886A612724F}.Release|Any CPU.ActiveCfg = Release|Any CPU
		{169ADE47-207F-4BD0-A2CD-5886A612724F}.Release|Any CPU.Build.0 = Release|Any CPU
		{885EFC93-A78A-4129-B91C-7D5B53BDBE89}.Debug|Any CPU.ActiveCfg = Debug|Any CPU
		{885EFC93-A78A-4129-B91C-7D5B53BDBE89}.Debug|Any CPU.Build.0 = Debug|Any CPU
		{885EFC93-A78A-4129-B91C-7D5B53BDBE89}.Release|Any CPU.ActiveCfg = Release|Any CPU
		{885EFC93-A78A-4129-B91C-7D5B53BDBE89}.Release|Any CPU.Build.0 = Release|Any CPU
		{27C2C74E-1252-4FF2-A03F-F837C9BDCCF1}.Debug|Any CPU.ActiveCfg = Debug|Any CPU
		{27C2C74E-1252-4FF2-A03F-F837C9BDCCF1}.Debug|Any CPU.Build.0 = Debug|Any CPU
		{27C2C74E-1252-4FF2-A03F-F837C9BDCCF1}.Release|Any CPU.ActiveCfg = Release|Any CPU
		{27C2C74E-1252-4FF2-A03F-F837C9BDCCF1}.Release|Any CPU.Build.0 = Release|Any CPU
		{7080319E-F52B-4A10-B7CE-0F15213F34F0}.Debug|Any CPU.ActiveCfg = Debug|Any CPU
		{7080319E-F52B-4A10-B7CE-0F15213F34F0}.Debug|Any CPU.Build.0 = Debug|Any CPU
		{7080319E-F52B-4A10-B7CE-0F15213F34F0}.Release|Any CPU.ActiveCfg = Release|Any CPU
		{7080319E-F52B-4A10-B7CE-0F15213F34F0}.Release|Any CPU.Build.0 = Release|Any CPU
		{0BAA9A36-D8FB-41D9-8655-369C65A25FC8}.Debug|Any CPU.ActiveCfg = Debug|Any CPU
		{0BAA9A36-D8FB-41D9-8655-369C65A25FC8}.Debug|Any CPU.Build.0 = Debug|Any CPU
		{0BAA9A36-D8FB-41D9-8655-369C65A25FC8}.Release|Any CPU.ActiveCfg = Release|Any CPU
		{0BAA9A36-D8FB-41D9-8655-369C65A25FC8}.Release|Any CPU.Build.0 = Release|Any CPU
		{83CC3FCC-3C66-4444-91C3-E12FE50EBB33}.Debug|Any CPU.ActiveCfg = Debug|Any CPU
		{83CC3FCC-3C66-4444-91C3-E12FE50EBB33}.Debug|Any CPU.Build.0 = Debug|Any CPU
		{83CC3FCC-3C66-4444-91C3-E12FE50EBB33}.Release|Any CPU.ActiveCfg = Release|Any CPU
		{83CC3FCC-3C66-4444-91C3-E12FE50EBB33}.Release|Any CPU.Build.0 = Release|Any CPU
	EndGlobalSection
	GlobalSection(SolutionProperties) = preSolution
		HideSolutionNode = FALSE
	EndGlobalSection
	GlobalSection(ExtensibilityGlobals) = postSolution
		SolutionGuid = {F6DF3517-F894-49DF-85EF-A3A40015279E}
	EndGlobalSection
EndGlobal
